// !$*UTF8*$!
{
	archiveVersion = 1;
	classes = {
	};
	objectVersion = 50;
	objects = {

/* Begin PBXBuildFile section */
		28F271BC20D9A425009C7393 /* AppDelegate.swift in Sources */ = {isa = PBXBuildFile; fileRef = 28F271BB20D9A425009C7393 /* AppDelegate.swift */; };
		28F271BE20D9A425009C7393 /* ViewController.swift in Sources */ = {isa = PBXBuildFile; fileRef = 28F271BD20D9A425009C7393 /* ViewController.swift */; };
		28F271C120D9A425009C7393 /* Main.storyboard in Resources */ = {isa = PBXBuildFile; fileRef = 28F271BF20D9A425009C7393 /* Main.storyboard */; };
		28F271C320D9A427009C7393 /* Assets.xcassets in Resources */ = {isa = PBXBuildFile; fileRef = 28F271C220D9A427009C7393 /* Assets.xcassets */; };
		28F271C620D9A427009C7393 /* LaunchScreen.storyboard in Resources */ = {isa = PBXBuildFile; fileRef = 28F271C420D9A427009C7393 /* LaunchScreen.storyboard */; };
		28F271D120D9A427009C7393 /* MyAppTests.swift in Sources */ = {isa = PBXBuildFile; fileRef = 28F271D020D9A427009C7393 /* MyAppTests.swift */; };
		28F271DC20D9A427009C7393 /* MyAppUITests.swift in Sources */ = {isa = PBXBuildFile; fileRef = 28F271DB20D9A427009C7393 /* MyAppUITests.swift */; };
/* End PBXBuildFile section */

/* Begin PBXContainerItemProxy section */
		28F271CD20D9A427009C7393 /* PBXContainerItemProxy */ = {
			isa = PBXContainerItemProxy;
			containerPortal = 28F271B020D9A425009C7393 /* Project object */;
			proxyType = 1;
			remoteGlobalIDString = 28F271B720D9A425009C7393;
			remoteInfo = MyApp;
		};
		28F271D820D9A427009C7393 /* PBXContainerItemProxy */ = {
			isa = PBXContainerItemProxy;
			containerPortal = 28F271B020D9A425009C7393 /* Project object */;
			proxyType = 1;
			remoteGlobalIDString = 28F271B720D9A425009C7393;
			remoteInfo = MyApp;
		};
/* End PBXContainerItemProxy section */

/* Begin PBXFileReference section */
		28F271B820D9A425009C7393 /* MyApp.app */ = {isa = PBXFileReference; explicitFileType = wrapper.application; includeInIndex = 0; path = MyApp.app; sourceTree = BUILT_PRODUCTS_DIR; };
		28F271BB20D9A425009C7393 /* AppDelegate.swift */ = {isa = PBXFileReference; lastKnownFileType = sourcecode.swift; path = AppDelegate.swift; sourceTree = "<group>"; };
		28F271BD20D9A425009C7393 /* ViewController.swift */ = {isa = PBXFileReference; lastKnownFileType = sourcecode.swift; path = ViewController.swift; sourceTree = "<group>"; };
		28F271C020D9A425009C7393 /* Base */ = {isa = PBXFileReference; lastKnownFileType = file.storyboard; name = Base; path = Base.lproj/Main.storyboard; sourceTree = "<group>"; };
		28F271C220D9A427009C7393 /* Assets.xcassets */ = {isa = PBXFileReference; lastKnownFileType = folder.assetcatalog; path = Assets.xcassets; sourceTree = "<group>"; };
		28F271C520D9A427009C7393 /* Base */ = {isa = PBXFileReference; lastKnownFileType = file.storyboard; name = Base; path = Base.lproj/LaunchScreen.storyboard; sourceTree = "<group>"; };
		28F271C720D9A427009C7393 /* Info.plist */ = {isa = PBXFileReference; lastKnownFileType = text.plist.xml; path = Info.plist; sourceTree = "<group>"; };
		28F271CC20D9A427009C7393 /* MyAppTests.xctest */ = {isa = PBXFileReference; explicitFileType = wrapper.cfbundle; includeInIndex = 0; path = MyAppTests.xctest; sourceTree = BUILT_PRODUCTS_DIR; };
		28F271D020D9A427009C7393 /* MyAppTests.swift */ = {isa = PBXFileReference; lastKnownFileType = sourcecode.swift; path = MyAppTests.swift; sourceTree = "<group>"; };
		28F271D220D9A427009C7393 /* Info.plist */ = {isa = PBXFileReference; lastKnownFileType = text.plist.xml; path = Info.plist; sourceTree = "<group>"; };
		28F271D720D9A427009C7393 /* MyAppUITests.xctest */ = {isa = PBXFileReference; explicitFileType = wrapper.cfbundle; includeInIndex = 0; path = MyAppUITests.xctest; sourceTree = BUILT_PRODUCTS_DIR; };
		28F271DB20D9A427009C7393 /* MyAppUITests.swift */ = {isa = PBXFileReference; lastKnownFileType = sourcecode.swift; path = MyAppUITests.swift; sourceTree = "<group>"; };
		28F271DD20D9A427009C7393 /* Info.plist */ = {isa = PBXFileReference; lastKnownFileType = text.plist.xml; path = Info.plist; sourceTree = "<group>"; };
/* End PBXFileReference section */

/* Begin PBXFrameworksBuildPhase section */
		28F271B520D9A425009C7393 /* Frameworks */ = {
			isa = PBXFrameworksBuildPhase;
			buildActionMask = 2147483647;
			files = (
			);
			runOnlyForDeploymentPostprocessing = 0;
		};
		28F271C920D9A427009C7393 /* Frameworks */ = {
			isa = PBXFrameworksBuildPhase;
			buildActionMask = 2147483647;
			files = (
			);
			runOnlyForDeploymentPostprocessing = 0;
		};
		28F271D420D9A427009C7393 /* Frameworks */ = {
			isa = PBXFrameworksBuildPhase;
			buildActionMask = 2147483647;
			files = (
			);
			runOnlyForDeploymentPostprocessing = 0;
		};
/* End PBXFrameworksBuildPhase section */

/* Begin PBXGroup section */
		28F271AF20D9A425009C7393 = {
			isa = PBXGroup;
			children = (
				28F271BA20D9A425009C7393 /* MyApp */,
				28F271CF20D9A427009C7393 /* MyAppTests */,
				28F271DA20D9A427009C7393 /* MyAppUITests */,
				28F271B920D9A425009C7393 /* Products */,
			);
			sourceTree = "<group>";
		};
		28F271B920D9A425009C7393 /* Products */ = {
			isa = PBXGroup;
			children = (
				28F271B820D9A425009C7393 /* MyApp.app */,
				28F271CC20D9A427009C7393 /* MyAppTests.xctest */,
				28F271D720D9A427009C7393 /* MyAppUITests.xctest */,
			);
			name = Products;
			sourceTree = "<group>";
		};
		28F271BA20D9A425009C7393 /* MyApp */ = {
			isa = PBXGroup;
			children = (
				28F271BB20D9A425009C7393 /* AppDelegate.swift */,
				28F271BD20D9A425009C7393 /* ViewController.swift */,
				28F271BF20D9A425009C7393 /* Main.storyboard */,
				28F271C220D9A427009C7393 /* Assets.xcassets */,
				28F271C420D9A427009C7393 /* LaunchScreen.storyboard */,
				28F271C720D9A427009C7393 /* Info.plist */,
			);
			path = MyApp;
			sourceTree = "<group>";
		};
		28F271CF20D9A427009C7393 /* MyAppTests */ = {
			isa = PBXGroup;
			children = (
				28F271D020D9A427009C7393 /* MyAppTests.swift */,
				28F271D220D9A427009C7393 /* Info.plist */,
			);
			path = MyAppTests;
			sourceTree = "<group>";
		};
		28F271DA20D9A427009C7393 /* MyAppUITests */ = {
			isa = PBXGroup;
			children = (
				28F271DB20D9A427009C7393 /* MyAppUITests.swift */,
				28F271DD20D9A427009C7393 /* Info.plist */,
			);
			path = MyAppUITests;
			sourceTree = "<group>";
		};
/* End PBXGroup section */

/* Begin PBXNativeTarget section */
		28F271B720D9A425009C7393 /* MyApp */ = {
			isa = PBXNativeTarget;
			buildConfigurationList = 28F271E020D9A427009C7393 /* Build configuration list for PBXNativeTarget "MyApp" */;
			buildPhases = (
				28F271B420D9A425009C7393 /* Sources */,
				28F271B520D9A425009C7393 /* Frameworks */,
				28F271B620D9A425009C7393 /* Resources */,
			);
			buildRules = (
			);
			dependencies = (
			);
			name = MyApp;
			productName = MyApp;
			productReference = 28F271B820D9A425009C7393 /* MyApp.app */;
			productType = "com.apple.product-type.application";
		};
		28F271CB20D9A427009C7393 /* MyAppTests */ = {
			isa = PBXNativeTarget;
			buildConfigurationList = 28F271E320D9A427009C7393 /* Build configuration list for PBXNativeTarget "MyAppTests" */;
			buildPhases = (
				28F271C820D9A427009C7393 /* Sources */,
				28F271C920D9A427009C7393 /* Frameworks */,
				28F271CA20D9A427009C7393 /* Resources */,
			);
			buildRules = (
			);
			dependencies = (
				28F271CE20D9A427009C7393 /* PBXTargetDependency */,
			);
			name = MyAppTests;
			productName = MyAppTests;
			productReference = 28F271CC20D9A427009C7393 /* MyAppTests.xctest */;
			productType = "com.apple.product-type.bundle.unit-test";
		};
		28F271D620D9A427009C7393 /* MyAppUITests */ = {
			isa = PBXNativeTarget;
			buildConfigurationList = 28F271E620D9A427009C7393 /* Build configuration list for PBXNativeTarget "MyAppUITests" */;
			buildPhases = (
				28F271D320D9A427009C7393 /* Sources */,
				28F271D420D9A427009C7393 /* Frameworks */,
				28F271D520D9A427009C7393 /* Resources */,
			);
			buildRules = (
			);
			dependencies = (
				28F271D920D9A427009C7393 /* PBXTargetDependency */,
			);
			name = MyAppUITests;
			productName = MyAppUITests;
			productReference = 28F271D720D9A427009C7393 /* MyAppUITests.xctest */;
			productType = "com.apple.product-type.bundle.ui-testing";
		};
/* End PBXNativeTarget section */

/* Begin PBXProject section */
		28F271B020D9A425009C7393 /* Project object */ = {
			isa = PBXProject;
			attributes = {
				LastSwiftUpdateCheck = 0940;
				LastUpgradeCheck = 0940;
				ORGANIZATIONNAME = "Steve Moser";
				TargetAttributes = {
					28F271B720D9A425009C7393 = {
						CreatedOnToolsVersion = 9.4;
					};
					28F271CB20D9A427009C7393 = {
						CreatedOnToolsVersion = 9.4;
						TestTargetID = 28F271B720D9A425009C7393;
					};
					28F271D620D9A427009C7393 = {
						CreatedOnToolsVersion = 9.4;
						TestTargetID = 28F271B720D9A425009C7393;
					};
				};
			};
			buildConfigurationList = 28F271B320D9A425009C7393 /* Build configuration list for PBXProject "MyApp" */;
			compatibilityVersion = "Xcode 9.3";
			developmentRegion = en;
			hasScannedForEncodings = 0;
			knownRegions = (
				en,
				Base,
			);
			mainGroup = 28F271AF20D9A425009C7393;
			productRefGroup = 28F271B920D9A425009C7393 /* Products */;
			projectDirPath = "";
			projectRoot = "";
			targets = (
				28F271B720D9A425009C7393 /* MyApp */,
				28F271CB20D9A427009C7393 /* MyAppTests */,
				28F271D620D9A427009C7393 /* MyAppUITests */,
			);
		};
/* End PBXProject section */

/* Begin PBXResourcesBuildPhase section */
		28F271B620D9A425009C7393 /* Resources */ = {
			isa = PBXResourcesBuildPhase;
			buildActionMask = 2147483647;
			files = (
				28F271C620D9A427009C7393 /* LaunchScreen.storyboard in Resources */,
				28F271C320D9A427009C7393 /* Assets.xcassets in Resources */,
				28F271C120D9A425009C7393 /* Main.storyboard in Resources */,
			);
			runOnlyForDeploymentPostprocessing = 0;
		};
		28F271CA20D9A427009C7393 /* Resources */ = {
			isa = PBXResourcesBuildPhase;
			buildActionMask = 2147483647;
			files = (
			);
			runOnlyForDeploymentPostprocessing = 0;
		};
		28F271D520D9A427009C7393 /* Resources */ = {
			isa = PBXResourcesBuildPhase;
			buildActionMask = 2147483647;
			files = (
			);
			runOnlyForDeploymentPostprocessing = 0;
		};
/* End PBXResourcesBuildPhase section */

/* Begin PBXSourcesBuildPhase section */
		28F271B420D9A425009C7393 /* Sources */ = {
			isa = PBXSourcesBuildPhase;
			buildActionMask = 2147483647;
			files = (
				28F271BE20D9A425009C7393 /* ViewController.swift in Sources */,
				28F271BC20D9A425009C7393 /* AppDelegate.swift in Sources */,
			);
			runOnlyForDeploymentPostprocessing = 0;
		};
		28F271C820D9A427009C7393 /* Sources */ = {
			isa = PBXSourcesBuildPhase;
			buildActionMask = 2147483647;
			files = (
				28F271D120D9A427009C7393 /* MyAppTests.swift in Sources */,
			);
			runOnlyForDeploymentPostprocessing = 0;
		};
		28F271D320D9A427009C7393 /* Sources */ = {
			isa = PBXSourcesBuildPhase;
			buildActionMask = 2147483647;
			files = (
				28F271DC20D9A427009C7393 /* MyAppUITests.swift in Sources */,
			);
			runOnlyForDeploymentPostprocessing = 0;
		};
/* End PBXSourcesBuildPhase section */

/* Begin PBXTargetDependency section */
		28F271CE20D9A427009C7393 /* PBXTargetDependency */ = {
			isa = PBXTargetDependency;
			target = 28F271B720D9A425009C7393 /* MyApp */;
			targetProxy = 28F271CD20D9A427009C7393 /* PBXContainerItemProxy */;
		};
		28F271D920D9A427009C7393 /* PBXTargetDependency */ = {
			isa = PBXTargetDependency;
			target = 28F271B720D9A425009C7393 /* MyApp */;
			targetProxy = 28F271D820D9A427009C7393 /* PBXContainerItemProxy */;
		};
/* End PBXTargetDependency section */

/* Begin PBXVariantGroup section */
		28F271BF20D9A425009C7393 /* Main.storyboard */ = {
			isa = PBXVariantGroup;
			children = (
				28F271C020D9A425009C7393 /* Base */,
			);
			name = Main.storyboard;
			sourceTree = "<group>";
		};
		28F271C420D9A427009C7393 /* LaunchScreen.storyboard */ = {
			isa = PBXVariantGroup;
			children = (
				28F271C520D9A427009C7393 /* Base */,
			);
			name = LaunchScreen.storyboard;
			sourceTree = "<group>";
		};
/* End PBXVariantGroup section */

/* Begin XCBuildConfiguration section */
		28F271DE20D9A427009C7393 /* Debug */ = {
			isa = XCBuildConfiguration;
			buildSettings = {
				ALWAYS_SEARCH_USER_PATHS = NO;
				CLANG_ANALYZER_NONNULL = YES;
				CLANG_ANALYZER_NUMBER_OBJECT_CONVERSION = YES_AGGRESSIVE;
				CLANG_CXX_LANGUAGE_STANDARD = "gnu++14";
				CLANG_CXX_LIBRARY = "libc++";
				CLANG_ENABLE_MODULES = YES;
				CLANG_ENABLE_OBJC_ARC = YES;
				CLANG_ENABLE_OBJC_WEAK = YES;
				CLANG_WARN_BLOCK_CAPTURE_AUTORELEASING = YES;
				CLANG_WARN_BOOL_CONVERSION = YES;
				CLANG_WARN_COMMA = YES;
				CLANG_WARN_CONSTANT_CONVERSION = YES;
				CLANG_WARN_DEPRECATED_OBJC_IMPLEMENTATIONS = YES;
				CLANG_WARN_DIRECT_OBJC_ISA_USAGE = YES_ERROR;
				CLANG_WARN_DOCUMENTATION_COMMENTS = YES;
				CLANG_WARN_EMPTY_BODY = YES;
				CLANG_WARN_ENUM_CONVERSION = YES;
				CLANG_WARN_INFINITE_RECURSION = YES;
				CLANG_WARN_INT_CONVERSION = YES;
				CLANG_WARN_NON_LITERAL_NULL_CONVERSION = YES;
				CLANG_WARN_OBJC_IMPLICIT_RETAIN_SELF = YES;
				CLANG_WARN_OBJC_LITERAL_CONVERSION = YES;
				CLANG_WARN_OBJC_ROOT_CLASS = YES_ERROR;
				CLANG_WARN_RANGE_LOOP_ANALYSIS = YES;
				CLANG_WARN_STRICT_PROTOTYPES = YES;
				CLANG_WARN_SUSPICIOUS_MOVE = YES;
				CLANG_WARN_UNGUARDED_AVAILABILITY = YES_AGGRESSIVE;
				CLANG_WARN_UNREACHABLE_CODE = YES;
				CLANG_WARN__DUPLICATE_METHOD_MATCH = YES;
				CODE_SIGN_IDENTITY = "iPhone Developer";
				COPY_PHASE_STRIP = NO;
				DEBUG_INFORMATION_FORMAT = dwarf;
				ENABLE_STRICT_OBJC_MSGSEND = YES;
				ENABLE_TESTABILITY = YES;
				GCC_C_LANGUAGE_STANDARD = gnu11;
				GCC_DYNAMIC_NO_PIC = NO;
				GCC_NO_COMMON_BLOCKS = YES;
				GCC_OPTIMIZATION_LEVEL = 0;
				GCC_PREPROCESSOR_DEFINITIONS = (
					"DEBUG=1",
					"$(inherited)",
				);
				GCC_WARN_64_TO_32_BIT_CONVERSION = YES;
				GCC_WARN_ABOUT_RETURN_TYPE = YES_ERROR;
				GCC_WARN_UNDECLARED_SELECTOR = YES;
				GCC_WARN_UNINITIALIZED_AUTOS = YES_AGGRESSIVE;
				GCC_WARN_UNUSED_FUNCTION = YES;
				GCC_WARN_UNUSED_VARIABLE = YES;
				IPHONEOS_DEPLOYMENT_TARGET = 11.4;
				MTL_ENABLE_DEBUG_INFO = YES;
				ONLY_ACTIVE_ARCH = YES;
				SDKROOT = iphoneos;
				SWIFT_ACTIVE_COMPILATION_CONDITIONS = DEBUG;
				SWIFT_OPTIMIZATION_LEVEL = "-Onone";
			};
			name = Debug;
		};
		28F271DF20D9A427009C7393 /* Release */ = {
			isa = XCBuildConfiguration;
			buildSettings = {
				ALWAYS_SEARCH_USER_PATHS = NO;
				CLANG_ANALYZER_NONNULL = YES;
				CLANG_ANALYZER_NUMBER_OBJECT_CONVERSION = YES_AGGRESSIVE;
				CLANG_CXX_LANGUAGE_STANDARD = "gnu++14";
				CLANG_CXX_LIBRARY = "libc++";
				CLANG_ENABLE_MODULES = YES;
				CLANG_ENABLE_OBJC_ARC = YES;
				CLANG_ENABLE_OBJC_WEAK = YES;
				CLANG_WARN_BLOCK_CAPTURE_AUTORELEASING = YES;
				CLANG_WARN_BOOL_CONVERSION = YES;
				CLANG_WARN_COMMA = YES;
				CLANG_WARN_CONSTANT_CONVERSION = YES;
				CLANG_WARN_DEPRECATED_OBJC_IMPLEMENTATIONS = YES;
				CLANG_WARN_DIRECT_OBJC_ISA_USAGE = YES_ERROR;
				CLANG_WARN_DOCUMENTATION_COMMENTS = YES;
				CLANG_WARN_EMPTY_BODY = YES;
				CLANG_WARN_ENUM_CONVERSION = YES;
				CLANG_WARN_INFINITE_RECURSION = YES;
				CLANG_WARN_INT_CONVERSION = YES;
				CLANG_WARN_NON_LITERAL_NULL_CONVERSION = YES;
				CLANG_WARN_OBJC_IMPLICIT_RETAIN_SELF = YES;
				CLANG_WARN_OBJC_LITERAL_CONVERSION = YES;
				CLANG_WARN_OBJC_ROOT_CLASS = YES_ERROR;
				CLANG_WARN_RANGE_LOOP_ANALYSIS = YES;
				CLANG_WARN_STRICT_PROTOTYPES = YES;
				CLANG_WARN_SUSPICIOUS_MOVE = YES;
				CLANG_WARN_UNGUARDED_AVAILABILITY = YES_AGGRESSIVE;
				CLANG_WARN_UNREACHABLE_CODE = YES;
				CLANG_WARN__DUPLICATE_METHOD_MATCH = YES;
				CODE_SIGN_IDENTITY = "iPhone Developer";
				COPY_PHASE_STRIP = NO;
				DEBUG_INFORMATION_FORMAT = "dwarf-with-dsym";
				ENABLE_NS_ASSERTIONS = NO;
				ENABLE_STRICT_OBJC_MSGSEND = YES;
				GCC_C_LANGUAGE_STANDARD = gnu11;
				GCC_NO_COMMON_BLOCKS = YES;
				GCC_WARN_64_TO_32_BIT_CONVERSION = YES;
				GCC_WARN_ABOUT_RETURN_TYPE = YES_ERROR;
				GCC_WARN_UNDECLARED_SELECTOR = YES;
				GCC_WARN_UNINITIALIZED_AUTOS = YES_AGGRESSIVE;
				GCC_WARN_UNUSED_FUNCTION = YES;
				GCC_WARN_UNUSED_VARIABLE = YES;
				IPHONEOS_DEPLOYMENT_TARGET = 11.4;
				MTL_ENABLE_DEBUG_INFO = NO;
				SDKROOT = iphoneos;
				SWIFT_COMPILATION_MODE = wholemodule;
				SWIFT_OPTIMIZATION_LEVEL = "-O";
				VALIDATE_PRODUCT = YES;
			};
			name = Release;
		};
		28F271E120D9A427009C7393 /* Debug */ = {
			isa = XCBuildConfiguration;
			buildSettings = {
				ASSETCATALOG_COMPILER_APPICON_NAME = AppIcon;
				CODE_SIGN_STYLE = Automatic;
				DEVELOPMENT_TEAM = 8CT5XRS423;
				INFOPLIST_FILE = MyApp/Info.plist;
				LD_RUNPATH_SEARCH_PATHS = (
					"$(inherited)",
					"@executable_path/Frameworks",
				);
				PRODUCT_BUNDLE_IDENTIFIER = com.handlellc.myapp.test.MyApp;
				PRODUCT_NAME = "$(TARGET_NAME)";
				SWIFT_VERSION = 4.0;
				TARGETED_DEVICE_FAMILY = "1,2";
			};
			name = Debug;
		};
		28F271E220D9A427009C7393 /* Release */ = {
			isa = XCBuildConfiguration;
			buildSettings = {
				ASSETCATALOG_COMPILER_APPICON_NAME = AppIcon;
				CODE_SIGN_STYLE = Automatic;
				DEVELOPMENT_TEAM = 8CT5XRS423;
				INFOPLIST_FILE = MyApp/Info.plist;
				LD_RUNPATH_SEARCH_PATHS = (
					"$(inherited)",
					"@executable_path/Frameworks",
				);
				PRODUCT_BUNDLE_IDENTIFIER = com.handlellc.myapp.test.MyApp;
				PRODUCT_NAME = "$(TARGET_NAME)";
				SWIFT_VERSION = 4.0;
				TARGETED_DEVICE_FAMILY = "1,2";
			};
			name = Release;
		};
		28F271E420D9A427009C7393 /* Debug */ = {
			isa = XCBuildConfiguration;
			buildSettings = {
				ALWAYS_EMBED_SWIFT_STANDARD_LIBRARIES = YES;
				BUNDLE_LOADER = "$(TEST_HOST)";
				CODE_SIGN_STYLE = Automatic;
				DEVELOPMENT_TEAM = 8CT5XRS423;
				INFOPLIST_FILE = MyAppTests/Info.plist;
				LD_RUNPATH_SEARCH_PATHS = (
					"$(inherited)",
					"@executable_path/Frameworks",
					"@loader_path/Frameworks",
				);
				PRODUCT_BUNDLE_IDENTIFIER = com.handlellc.myapp.test.MyAppTests;
				PRODUCT_NAME = "$(TARGET_NAME)";
				SWIFT_VERSION = 4.0;
				TARGETED_DEVICE_FAMILY = "1,2";
				TEST_HOST = "$(BUILT_PRODUCTS_DIR)/MyApp.app/MyApp";
			};
			name = Debug;
		};
		28F271E520D9A427009C7393 /* Release */ = {
			isa = XCBuildConfiguration;
			buildSettings = {
				ALWAYS_EMBED_SWIFT_STANDARD_LIBRARIES = YES;
				BUNDLE_LOADER = "$(TEST_HOST)";
				CODE_SIGN_STYLE = Automatic;
				DEVELOPMENT_TEAM = 8CT5XRS423;
				INFOPLIST_FILE = MyAppTests/Info.plist;
				LD_RUNPATH_SEARCH_PATHS = (
					"$(inherited)",
					"@executable_path/Frameworks",
					"@loader_path/Frameworks",
				);
				PRODUCT_BUNDLE_IDENTIFIER = com.handlellc.myapp.test.MyAppTests;
				PRODUCT_NAME = "$(TARGET_NAME)";
				SWIFT_VERSION = 4.0;
				TARGETED_DEVICE_FAMILY = "1,2";
				TEST_HOST = "$(BUILT_PRODUCTS_DIR)/MyApp.app/MyApp";
			};
			name = Release;
		};
		28F271E720D9A427009C7393 /* Debug */ = {
			isa = XCBuildConfiguration;
			buildSettings = {
				ALWAYS_EMBED_SWIFT_STANDARD_LIBRARIES = YES;
				CODE_SIGN_STYLE = Automatic;
				DEVELOPMENT_TEAM = 8CT5XRS423;
				INFOPLIST_FILE = MyAppUITests/Info.plist;
				LD_RUNPATH_SEARCH_PATHS = (
					"$(inherited)",
					"@executable_path/Frameworks",
					"@loader_path/Frameworks",
				);
				PRODUCT_BUNDLE_IDENTIFIER = com.handlellc.myapp.test.MyAppUITests;
				PRODUCT_NAME = "$(TARGET_NAME)";
				SWIFT_VERSION = 4.0;
				TARGETED_DEVICE_FAMILY = "1,2";
				TEST_TARGET_NAME = MyApp;
			};
			name = Debug;
		};
		28F271E820D9A427009C7393 /* Release */ = {
			isa = XCBuildConfiguration;
			buildSettings = {
				ALWAYS_EMBED_SWIFT_STANDARD_LIBRARIES = YES;
				CODE_SIGN_STYLE = Automatic;
				DEVELOPMENT_TEAM = 8CT5XRS423;
				INFOPLIST_FILE = MyAppUITests/Info.plist;
				LD_RUNPATH_SEARCH_PATHS = (
					"$(inherited)",
					"@executable_path/Frameworks",
					"@loader_path/Frameworks",
				);
				PRODUCT_BUNDLE_IDENTIFIER = com.handlellc.myapp.test.MyAppUITests;
				PRODUCT_NAME = "$(TARGET_NAME)";
				SWIFT_VERSION = 4.0;
				TARGETED_DEVICE_FAMILY = "1,2";
				TEST_TARGET_NAME = MyApp;
			};
			name = Release;
		};
/* End XCBuildConfiguration section */

/* Begin XCConfigurationList section */
		28F271B320D9A425009C7393 /* Build configuration list for PBXProject "MyApp" */ = {
			isa = XCConfigurationList;
			buildConfigurations = (
				28F271DE20D9A427009C7393 /* Debug */,
				28F271DF20D9A427009C7393 /* Release */,
			);
			defaultConfigurationIsVisible = 0;
			defaultConfigurationName = Release;
		};
		28F271E020D9A427009C7393 /* Build configuration list for PBXNativeTarget "MyApp" */ = {
			isa = XCConfigurationList;
			buildConfigurations = (
				28F271E120D9A427009C7393 /* Debug */,
				28F271E220D9A427009C7393 /* Release */,
			);
			defaultConfigurationIsVisible = 0;
			defaultConfigurationName = Release;
		};
		28F271E320D9A427009C7393 /* Build configuration list for PBXNativeTarget "MyAppTests" */ = {
			isa = XCConfigurationList;
			buildConfigurations = (
				28F271E420D9A427009C7393 /* Debug */,
				28F271E520D9A427009C7393 /* Release */,
			);
			defaultConfigurationIsVisible = 0;
			defaultConfigurationName = Release;
		};
		28F271E620D9A427009C7393 /* Build configuration list for PBXNativeTarget "MyAppUITests" */ = {
			isa = XCConfigurationList;
			buildConfigurations = (
				28F271E720D9A427009C7393 /* Debug */,
				28F271E820D9A427009C7393 /* Release */,
			);
			defaultConfigurationIsVisible = 0;
			defaultConfigurationName = Release;
		};
/* End XCConfigurationList section */
	};
	rootObject = 28F271B020D9A425009C7393 /* Project object */;
}
